
Microsoft Visual Studio Solution File, Format Version 12.00
# Visual Studio Version 16
VisualStudioVersion = 16.0.31515.178
MinimumVisualStudioVersion = 10.0.40219.1
Project("{9A19103F-16F7-4668-BE54-9A1E7A4F7556}") = "dm.Shibalana", "dm.Shibalana.csproj", "{0E4DDBE6-7E83-4BE1-9C28-0F7C2B73B157}"
EndProject
Project("{9A19103F-16F7-4668-BE54-9A1E7A4F7556}") = "Data", "Data\Data.csproj", "{05A4CB4D-C1E4-49D9-9C29-57F89A0967A2}"
EndProject
Project("{9A19103F-16F7-4668-BE54-9A1E7A4F7556}") = "DiscordBot", "DiscordBot\DiscordBot.csproj", "{92ABBC11-687E-481C-AB03-0F6FF2B1D83F}"
EndProject
Project("{9A19103F-16F7-4668-BE54-9A1E7A4F7556}") = "Prices", "Prices\Prices.csproj", "{FD432186-D76F-4B22-8999-11096737B07F}"
EndProject
Global
	GlobalSection(SolutionConfigurationPlatforms) = preSolution
		Debug|Any CPU = Debug|Any CPU
		Release|Any CPU = Release|Any CPU
	EndGlobalSection
	GlobalSection(ProjectConfigurationPlatforms) = postSolution
		{0E4DDBE6-7E83-4BE1-9C28-0F7C2B73B157}.Debug|Any CPU.ActiveCfg = Debug|Any CPU
		{0E4DDBE6-7E83-4BE1-9C28-0F7C2B73B157}.Debug|Any CPU.Build.0 = Debug|Any CPU
		{0E4DDBE6-7E83-4BE1-9C28-0F7C2B73B157}.Release|Any CPU.ActiveCfg = Release|Any CPU
		{0E4DDBE6-7E83-4BE1-9C28-0F7C2B73B157}.Release|Any CPU.Build.0 = Release|Any CPU
		{05A4CB4D-C1E4-49D9-9C29-57F89A0967A2}.Debug|Any CPU.ActiveCfg = Debug|Any CPU
		{05A4CB4D-C1E4-49D9-9C29-57F89A0967A2}.Debug|Any CPU.Build.0 = Debug|Any CPU
		{05A4CB4D-C1E4-49D9-9C29-57F89A0967A2}.Release|Any CPU.ActiveCfg = Release|Any CPU
		{05A4CB4D-C1E4-49D9-9C29-57F89A0967A2}.Release|Any CPU.Build.0 = Release|Any CPU
		{92ABBC11-687E-481C-AB03-0F6FF2B1D83F}.Debug|Any CPU.ActiveCfg = Debug|Any CPU
		{92ABBC11-687E-481C-AB03-0F6FF2B1D83F}.Debug|Any CPU.Build.0 = Debug|Any CPU
		{92ABBC11-687E-481C-AB03-0F6FF2B1D83F}.Release|Any CPU.ActiveCfg = Release|Any CPU
		{92ABBC11-687E-481C-AB03-0F6FF2B1D83F}.Release|Any CPU.Build.0 = Release|Any CPU
		{FD432186-D76F-4B22-8999-11096737B07F}.Debug|Any CPU.ActiveCfg = Debug|Any CPU
		{FD432186-D76F-4B22-8999-11096737B07F}.Debug|Any CPU.Build.0 = Debug|Any CPU
		{FD432186-D76F-4B22-8999-11096737B07F}.Release|Any CPU.ActiveCfg = Release|Any CPU
		{FD432186-D76F-4B22-8999-11096737B07F}.Release|Any CPU.Build.0 = Release|Any CPU
	EndGlobalSection
	GlobalSection(SolutionProperties) = preSolution
		HideSolutionNode = FALSE
	EndGlobalSection
	GlobalSection(ExtensibilityGlobals) = postSolution
		SolutionGuid = {1688ED49-C8FF-4D95-9F3F-3AD1B85AD030}
	EndGlobalSection
EndGlobal
